
Microsoft Visual Studio Solution File, Format Version 12.00
# Visual Studio Version 17
VisualStudioVersion = 17.0.31903.59
MinimumVisualStudioVersion = 10.0.40219.1
Project("{2150E333-8FDC-42A3-9474-1A3956D46DE8}") = "src", "src", "{827E0CD3-B72D-47B6-A68D-7590B98EB39B}"
EndProject
Project("{FAE04EC0-301F-11D3-BF4B-00C04F79EFBC}") = "Chronos.Core", "src\Chronos.Core\Chronos.Core.csproj", "{57D22C4E-ECE0-48E2-BEC4-ADA2D6D51523}"
EndProject
Project("{FAE04EC0-301F-11D3-BF4B-00C04F79EFBC}") = "Chronos.Agent", "src\Chronos.Agent\Chronos.Agent.csproj", "{8598819D-3554-4DB1-858E-2F1C29529EBC}"
EndProject
Project("{FAE04EC0-301F-11D3-BF4B-00C04F79EFBC}") = "Chronos.Cli", "src\Chronos.Cli\Chronos.Cli.csproj", "{8D4E63D4-AE42-4AC1-A514-818C0FD2B393}"
EndProject
Project("{FAE04EC0-301F-11D3-BF4B-00C04F79EFBC}") = "SampleTests", "src\SampleTests\SampleTests.csproj", "{0954C468-5838-4BD8-8C45-1726EEF86CCF}"
EndProject
Project("{FAE04EC0-301F-11D3-BF4B-00C04F79EFBC}") = "ConsoleTests", "ConsoleTests\ConsoleTests.csproj", "{E29E43B3-258D-40DB-A127-772E8CA067E1}"
EndProject
Project("{FAE04EC0-301F-11D3-BF4B-00C04F79EFBC}") = "Chronos.Master", "src\Chronos.Master\Chronos.Master.csproj", "{713DAE7D-F828-48BC-8238-9EA3B499FAFF}"
EndProject
Global
	GlobalSection(SolutionConfigurationPlatforms) = preSolution
		Debug|Any CPU = Debug|Any CPU
		Debug|x64 = Debug|x64
		Debug|x86 = Debug|x86
		Release|Any CPU = Release|Any CPU
		Release|x64 = Release|x64
		Release|x86 = Release|x86
	EndGlobalSection
	GlobalSection(ProjectConfigurationPlatforms) = postSolution
		{57D22C4E-ECE0-48E2-BEC4-ADA2D6D51523}.Debug|Any CPU.ActiveCfg = Debug|Any CPU
		{57D22C4E-ECE0-48E2-BEC4-ADA2D6D51523}.Debug|Any CPU.Build.0 = Debug|Any CPU
		{57D22C4E-ECE0-48E2-BEC4-ADA2D6D51523}.Debug|x64.ActiveCfg = Debug|Any CPU
		{57D22C4E-ECE0-48E2-BEC4-ADA2D6D51523}.Debug|x64.Build.0 = Debug|Any CPU
		{57D22C4E-ECE0-48E2-BEC4-ADA2D6D51523}.Debug|x86.ActiveCfg = Debug|Any CPU
		{57D22C4E-ECE0-48E2-BEC4-ADA2D6D51523}.Debug|x86.Build.0 = Debug|Any CPU
		{57D22C4E-ECE0-48E2-BEC4-ADA2D6D51523}.Release|Any CPU.ActiveCfg = Release|Any CPU
		{57D22C4E-ECE0-48E2-BEC4-ADA2D6D51523}.Release|Any CPU.Build.0 = Release|Any CPU
		{57D22C4E-ECE0-48E2-BEC4-ADA2D6D51523}.Release|x64.ActiveCfg = Release|Any CPU
		{57D22C4E-ECE0-48E2-BEC4-ADA2D6D51523}.Release|x64.Build.0 = Release|Any CPU
		{57D22C4E-ECE0-48E2-BEC4-ADA2D6D51523}.Release|x86.ActiveCfg = Release|Any CPU
		{57D22C4E-ECE0-48E2-BEC4-ADA2D6D51523}.Release|x86.Build.0 = Release|Any CPU
		{8598819D-3554-4DB1-858E-2F1C29529EBC}.Debug|Any CPU.ActiveCfg = Debug|Any CPU
		{8598819D-3554-4DB1-858E-2F1C29529EBC}.Debug|Any CPU.Build.0 = Debug|Any CPU
		{8598819D-3554-4DB1-858E-2F1C29529EBC}.Debug|x64.ActiveCfg = Debug|Any CPU
		{8598819D-3554-4DB1-858E-2F1C29529EBC}.Debug|x64.Build.0 = Debug|Any CPU
		{8598819D-3554-4DB1-858E-2F1C29529EBC}.Debug|x86.ActiveCfg = Debug|Any CPU
		{8598819D-3554-4DB1-858E-2F1C29529EBC}.Debug|x86.Build.0 = Debug|Any CPU
		{8598819D-3554-4DB1-858E-2F1C29529EBC}.Release|Any CPU.ActiveCfg = Release|Any CPU
		{8598819D-3554-4DB1-858E-2F1C29529EBC}.Release|Any CPU.Build.0 = Release|Any CPU
		{8598819D-3554-4DB1-858E-2F1C29529EBC}.Release|x64.ActiveCfg = Release|Any CPU
		{8598819D-3554-4DB1-858E-2F1C29529EBC}.Release|x64.Build.0 = Release|Any CPU
		{8598819D-3554-4DB1-858E-2F1C29529EBC}.Release|x86.ActiveCfg = Release|Any CPU
		{8598819D-3554-4DB1-858E-2F1C29529EBC}.Release|x86.Build.0 = Release|Any CPU
		{8D4E63D4-AE42-4AC1-A514-818C0FD2B393}.Debug|Any CPU.ActiveCfg = Debug|Any CPU
		{8D4E63D4-AE42-4AC1-A514-818C0FD2B393}.Debug|Any CPU.Build.0 = Debug|Any CPU
		{8D4E63D4-AE42-4AC1-A514-818C0FD2B393}.Debug|x64.ActiveCfg = Debug|Any CPU
		{8D4E63D4-AE42-4AC1-A514-818C0FD2B393}.Debug|x64.Build.0 = Debug|Any CPU
		{8D4E63D4-AE42-4AC1-A514-818C0FD2B393}.Debug|x86.ActiveCfg = Debug|Any CPU
		{8D4E63D4-AE42-4AC1-A514-818C0FD2B393}.Debug|x86.Build.0 = Debug|Any CPU
		{8D4E63D4-AE42-4AC1-A514-818C0FD2B393}.Release|Any CPU.ActiveCfg = Release|Any CPU
		{8D4E63D4-AE42-4AC1-A514-818C0FD2B393}.Release|Any CPU.Build.0 = Release|Any CPU
		{8D4E63D4-AE42-4AC1-A514-818C0FD2B393}.Release|x64.ActiveCfg = Release|Any CPU
		{8D4E63D4-AE42-4AC1-A514-818C0FD2B393}.Release|x64.Build.0 = Release|Any CPU
		{8D4E63D4-AE42-4AC1-A514-818C0FD2B393}.Release|x86.ActiveCfg = Release|Any CPU
		{8D4E63D4-AE42-4AC1-A514-818C0FD2B393}.Release|x86.Build.0 = Release|Any CPU
		{0954C468-5838-4BD8-8C45-1726EEF86CCF}.Debug|Any CPU.ActiveCfg = Debug|Any CPU
		{0954C468-5838-4BD8-8C45-1726EEF86CCF}.Debug|Any CPU.Build.0 = Debug|Any CPU
		{0954C468-5838-4BD8-8C45-1726EEF86CCF}.Debug|x64.ActiveCfg = Debug|Any CPU
		{0954C468-5838-4BD8-8C45-1726EEF86CCF}.Debug|x64.Build.0 = Debug|Any CPU
		{0954C468-5838-4BD8-8C45-1726EEF86CCF}.Debug|x86.ActiveCfg = Debug|Any CPU
		{0954C468-5838-4BD8-8C45-1726EEF86CCF}.Debug|x86.Build.0 = Debug|Any CPU
		{0954C468-5838-4BD8-8C45-1726EEF86CCF}.Release|Any CPU.ActiveCfg = Release|Any CPU
		{0954C468-5838-4BD8-8C45-1726EEF86CCF}.Release|Any CPU.Build.0 = Release|Any CPU
		{0954C468-5838-4BD8-8C45-1726EEF86CCF}.Release|x64.ActiveCfg = Release|Any CPU
		{0954C468-5838-4BD8-8C45-1726EEF86CCF}.Release|x64.Build.0 = Release|Any CPU
		{0954C468-5838-4BD8-8C45-1726EEF86CCF}.Release|x86.ActiveCfg = Release|Any CPU
		{0954C468-5838-4BD8-8C45-1726EEF86CCF}.Release|x86.Build.0 = Release|Any CPU
		{E29E43B3-258D-40DB-A127-772E8CA067E1}.Debug|Any CPU.ActiveCfg = Debug|Any CPU
		{E29E43B3-258D-40DB-A127-772E8CA067E1}.Debug|Any CPU.Build.0 = Debug|Any CPU
		{E29E43B3-258D-40DB-A127-772E8CA067E1}.Debug|x64.ActiveCfg = Debug|Any CPU
		{E29E43B3-258D-40DB-A127-772E8CA067E1}.Debug|x64.Build.0 = Debug|Any CPU
		{E29E43B3-258D-40DB-A127-772E8CA067E1}.Debug|x86.ActiveCfg = Debug|Any CPU
		{E29E43B3-258D-40DB-A127-772E8CA067E1}.Debug|x86.Build.0 = Debug|Any CPU
		{E29E43B3-258D-40DB-A127-772E8CA067E1}.Release|Any CPU.ActiveCfg = Release|Any CPU
		{E29E43B3-258D-40DB-A127-772E8CA067E1}.Release|Any CPU.Build.0 = Release|Any CPU
		{E29E43B3-258D-40DB-A127-772E8CA067E1}.Release|x64.ActiveCfg = Release|Any CPU
		{E29E43B3-258D-40DB-A127-772E8CA067E1}.Release|x64.Build.0 = Release|Any CPU
		{E29E43B3-258D-40DB-A127-772E8CA067E1}.Release|x86.ActiveCfg = Release|Any CPU
		{E29E43B3-258D-40DB-A127-772E8CA067E1}.Release|x86.Build.0 = Release|Any CPU
		{713DAE7D-F828-48BC-8238-9EA3B499FAFF}.Debug|Any CPU.ActiveCfg = Debug|Any CPU
		{713DAE7D-F828-48BC-8238-9EA3B499FAFF}.Debug|Any CPU.Build.0 = Debug|Any CPU
		{713DAE7D-F828-48BC-8238-9EA3B499FAFF}.Debug|x64.ActiveCfg = Debug|Any CPU
		{713DAE7D-F828-48BC-8238-9EA3B499FAFF}.Debug|x64.Build.0 = Debug|Any CPU
		{713DAE7D-F828-48BC-8238-9EA3B499FAFF}.Debug|x86.ActiveCfg = Debug|Any CPU
		{713DAE7D-F828-48BC-8238-9EA3B499FAFF}.Debug|x86.Build.0 = Debug|Any CPU
		{713DAE7D-F828-48BC-8238-9EA3B499FAFF}.Release|Any CPU.ActiveCfg = Release|Any CPU
		{713DAE7D-F828-48BC-8238-9EA3B499FAFF}.Release|Any CPU.Build.0 = Release|Any CPU
		{713DAE7D-F828-48BC-8238-9EA3B499FAFF}.Release|x64.ActiveCfg = Release|Any CPU
		{713DAE7D-F828-48BC-8238-9EA3B499FAFF}.Release|x64.Build.0 = Release|Any CPU
		{713DAE7D-F828-48BC-8238-9EA3B499FAFF}.Release|x86.ActiveCfg = Release|Any CPU
		{713DAE7D-F828-48BC-8238-9EA3B499FAFF}.Release|x86.Build.0 = Release|Any CPU
	EndGlobalSection
	GlobalSection(SolutionProperties) = preSolution
		HideSolutionNode = FALSE
	EndGlobalSection
	GlobalSection(NestedProjects) = preSolution
		{57D22C4E-ECE0-48E2-BEC4-ADA2D6D51523} = {827E0CD3-B72D-47B6-A68D-7590B98EB39B}
		{8598819D-3554-4DB1-858E-2F1C29529EBC} = {827E0CD3-B72D-47B6-A68D-7590B98EB39B}
		{8D4E63D4-AE42-4AC1-A514-818C0FD2B393} = {827E0CD3-B72D-47B6-A68D-7590B98EB39B}
		{0954C468-5838-4BD8-8C45-1726EEF86CCF} = {827E0CD3-B72D-47B6-A68D-7590B98EB39B}
		{E29E43B3-258D-40DB-A127-772E8CA067E1} = {827E0CD3-B72D-47B6-A68D-7590B98EB39B}
		{713DAE7D-F828-48BC-8238-9EA3B499FAFF} = {827E0CD3-B72D-47B6-A68D-7590B98EB39B}
	EndGlobalSection
EndGlobal
